// !$*UTF8*$!
{
	archiveVersion = 1;
	classes = {
	};
	objectVersion = 50;
	objects = {

/* Begin PBXBuildFile section */
		362055C6F580EFF045EEEEA3 /* Pods_BurgerView.framework in Frameworks */ = {isa = PBXBuildFile; fileRef = 0CB623B563E08F5C432E596F /* Pods_BurgerView.framework */; };
		74150FFE226DEAF500604029 /* Main.storyboard in Resources */ = {isa = PBXBuildFile; fileRef = 74150FFD226DEAF500604029 /* Main.storyboard */; };
		74151003226DEB2300604029 /* CreateNameVC.swift in Sources */ = {isa = PBXBuildFile; fileRef = 74150FFF226DEB1D00604029 /* CreateNameVC.swift */; };
		74151004226DEB2300604029 /* LoginVC.swift in Sources */ = {isa = PBXBuildFile; fileRef = 74151000226DEB1F00604029 /* LoginVC.swift */; };
		74151005226DEB2300604029 /* CreateEmailVC.swift in Sources */ = {isa = PBXBuildFile; fileRef = 74151001226DEB2000604029 /* CreateEmailVC.swift */; };
		74151006226DEB2300604029 /* OnboardingVC.swift in Sources */ = {isa = PBXBuildFile; fileRef = 74151002226DEB2300604029 /* OnboardingVC.swift */; };
		74151008226DEB4700604029 /* CreatePasswordVC.swift in Sources */ = {isa = PBXBuildFile; fileRef = 74151007226DEB4700604029 /* CreatePasswordVC.swift */; };
		7415100A226DEB4B00604029 /* MapVC.swift in Sources */ = {isa = PBXBuildFile; fileRef = 74151009226DEB4B00604029 /* MapVC.swift */; };
		7415100C226DEB5400604029 /* GoogleService-Info.plist in Resources */ = {isa = PBXBuildFile; fileRef = 7415100B226DEB5400604029 /* GoogleService-Info.plist */; };
		745B5C00226F235000A05E0F /* ProfileVC.swift in Sources */ = {isa = PBXBuildFile; fileRef = 745B5BFF226F235000A05E0F /* ProfileVC.swift */; };
		745B5C02226F301A00A05E0F /* ReviewCell.swift in Sources */ = {isa = PBXBuildFile; fileRef = 745B5C01226F301A00A05E0F /* ReviewCell.swift */; };
		745B5C04226F3D6300A05E0F /* ReviewsVC.swift in Sources */ = {isa = PBXBuildFile; fileRef = 745B5C03226F3D6300A05E0F /* ReviewsVC.swift */; };
		745B5C06226F86E800A05E0F /* Review.swift in Sources */ = {isa = PBXBuildFile; fileRef = 745B5C05226F86E800A05E0F /* Review.swift */; };
		745B5C08227059F900A05E0F /* CreateReviewVC.swift in Sources */ = {isa = PBXBuildFile; fileRef = 745B5C07227059F900A05E0F /* CreateReviewVC.swift */; };
		745B5C0A22705DF400A05E0F /* CosmosDistrib.swift in Sources */ = {isa = PBXBuildFile; fileRef = 745B5C0922705DF400A05E0F /* CosmosDistrib.swift */; };
		745B5C0C2270A9F400A05E0F /* CameraVC.swift in Sources */ = {isa = PBXBuildFile; fileRef = 745B5C0B2270A9F400A05E0F /* CameraVC.swift */; };
		74970010226DE1F100841C81 /* AppDelegate.swift in Sources */ = {isa = PBXBuildFile; fileRef = 7497000F226DE1F100841C81 /* AppDelegate.swift */; };
		74970018226DE1F100841C81 /* BurgerView.xcdatamodeld in Sources */ = {isa = PBXBuildFile; fileRef = 74970016226DE1F100841C81 /* BurgerView.xcdatamodeld */; };
		7497001A226DE1F700841C81 /* Assets.xcassets in Resources */ = {isa = PBXBuildFile; fileRef = 74970019226DE1F700841C81 /* Assets.xcassets */; };
		7497001D226DE1F700841C81 /* LaunchScreen.storyboard in Resources */ = {isa = PBXBuildFile; fileRef = 7497001B226DE1F700841C81 /* LaunchScreen.storyboard */; };
		74BAEEFE2271990200894C9B /* TotalReviewsCell.swift in Sources */ = {isa = PBXBuildFile; fileRef = 74BAEEFD2271990200894C9B /* TotalReviewsCell.swift */; };
/* End PBXBuildFile section */

/* Begin PBXFileReference section */
		0CB623B563E08F5C432E596F /* Pods_BurgerView.framework */ = {isa = PBXFileReference; explicitFileType = wrapper.framework; includeInIndex = 0; path = Pods_BurgerView.framework; sourceTree = BUILT_PRODUCTS_DIR; };
		74150FFD226DEAF500604029 /* Main.storyboard */ = {isa = PBXFileReference; fileEncoding = 4; lastKnownFileType = file.storyboard; path = Main.storyboard; sourceTree = "<group>"; };
		74150FFF226DEB1D00604029 /* CreateNameVC.swift */ = {isa = PBXFileReference; fileEncoding = 4; lastKnownFileType = sourcecode.swift; path = CreateNameVC.swift; sourceTree = "<group>"; };
		74151000226DEB1F00604029 /* LoginVC.swift */ = {isa = PBXFileReference; fileEncoding = 4; lastKnownFileType = sourcecode.swift; path = LoginVC.swift; sourceTree = "<group>"; };
		74151001226DEB2000604029 /* CreateEmailVC.swift */ = {isa = PBXFileReference; fileEncoding = 4; lastKnownFileType = sourcecode.swift; path = CreateEmailVC.swift; sourceTree = "<group>"; };
		74151002226DEB2300604029 /* OnboardingVC.swift */ = {isa = PBXFileReference; fileEncoding = 4; lastKnownFileType = sourcecode.swift; path = OnboardingVC.swift; sourceTree = "<group>"; };
		74151007226DEB4700604029 /* CreatePasswordVC.swift */ = {isa = PBXFileReference; fileEncoding = 4; lastKnownFileType = sourcecode.swift; path = CreatePasswordVC.swift; sourceTree = "<group>"; };
		74151009226DEB4B00604029 /* MapVC.swift */ = {isa = PBXFileReference; fileEncoding = 4; lastKnownFileType = sourcecode.swift; path = MapVC.swift; sourceTree = "<group>"; };
		7415100B226DEB5400604029 /* GoogleService-Info.plist */ = {isa = PBXFileReference; fileEncoding = 4; lastKnownFileType = text.plist.xml; path = "GoogleService-Info.plist"; sourceTree = "<group>"; };
		745B5BFF226F235000A05E0F /* ProfileVC.swift */ = {isa = PBXFileReference; lastKnownFileType = sourcecode.swift; path = ProfileVC.swift; sourceTree = "<group>"; };
		745B5C01226F301A00A05E0F /* ReviewCell.swift */ = {isa = PBXFileReference; lastKnownFileType = sourcecode.swift; path = ReviewCell.swift; sourceTree = "<group>"; };
		745B5C03226F3D6300A05E0F /* ReviewsVC.swift */ = {isa = PBXFileReference; lastKnownFileType = sourcecode.swift; path = ReviewsVC.swift; sourceTree = "<group>"; };
		745B5C05226F86E800A05E0F /* Review.swift */ = {isa = PBXFileReference; lastKnownFileType = sourcecode.swift; path = Review.swift; sourceTree = "<group>"; };
		745B5C07227059F900A05E0F /* CreateReviewVC.swift */ = {isa = PBXFileReference; lastKnownFileType = sourcecode.swift; path = CreateReviewVC.swift; sourceTree = "<group>"; };
		745B5C0922705DF400A05E0F /* CosmosDistrib.swift */ = {isa = PBXFileReference; fileEncoding = 4; lastKnownFileType = sourcecode.swift; path = CosmosDistrib.swift; sourceTree = "<group>"; };
		745B5C0B2270A9F400A05E0F /* CameraVC.swift */ = {isa = PBXFileReference; lastKnownFileType = sourcecode.swift; path = CameraVC.swift; sourceTree = "<group>"; };
		7497000C226DE1F100841C81 /* BurgerView.app */ = {isa = PBXFileReference; explicitFileType = wrapper.application; includeInIndex = 0; path = BurgerView.app; sourceTree = BUILT_PRODUCTS_DIR; };
		7497000F226DE1F100841C81 /* AppDelegate.swift */ = {isa = PBXFileReference; lastKnownFileType = sourcecode.swift; path = AppDelegate.swift; sourceTree = "<group>"; };
		74970017226DE1F100841C81 /* BurgerView.xcdatamodel */ = {isa = PBXFileReference; lastKnownFileType = wrapper.xcdatamodel; path = BurgerView.xcdatamodel; sourceTree = "<group>"; };
		74970019226DE1F700841C81 /* Assets.xcassets */ = {isa = PBXFileReference; lastKnownFileType = folder.assetcatalog; path = Assets.xcassets; sourceTree = "<group>"; };
		7497001C226DE1F700841C81 /* Base */ = {isa = PBXFileReference; lastKnownFileType = file.storyboard; name = Base; path = Base.lproj/LaunchScreen.storyboard; sourceTree = "<group>"; };
		7497001E226DE1F700841C81 /* Info.plist */ = {isa = PBXFileReference; lastKnownFileType = text.plist.xml; path = Info.plist; sourceTree = "<group>"; };
		74BAEEFD2271990200894C9B /* TotalReviewsCell.swift */ = {isa = PBXFileReference; lastKnownFileType = sourcecode.swift; path = TotalReviewsCell.swift; sourceTree = "<group>"; };
		9F803B1E0C62CBBDD1810EE0 /* Pods-BurgerView.release.xcconfig */ = {isa = PBXFileReference; includeInIndex = 1; lastKnownFileType = text.xcconfig; name = "Pods-BurgerView.release.xcconfig"; path = "Target Support Files/Pods-BurgerView/Pods-BurgerView.release.xcconfig"; sourceTree = "<group>"; };
		EB4A69E8ECF2C875F13A50CF /* Pods-BurgerView.debug.xcconfig */ = {isa = PBXFileReference; includeInIndex = 1; lastKnownFileType = text.xcconfig; name = "Pods-BurgerView.debug.xcconfig"; path = "Target Support Files/Pods-BurgerView/Pods-BurgerView.debug.xcconfig"; sourceTree = "<group>"; };
/* End PBXFileReference section */

/* Begin PBXFrameworksBuildPhase section */
		74970009226DE1F100841C81 /* Frameworks */ = {
			isa = PBXFrameworksBuildPhase;
			buildActionMask = 2147483647;
			files = (
				362055C6F580EFF045EEEEA3 /* Pods_BurgerView.framework in Frameworks */,
			);
			runOnlyForDeploymentPostprocessing = 0;
		};
/* End PBXFrameworksBuildPhase section */

/* Begin PBXGroup section */
		74970003226DE1F100841C81 = {
			isa = PBXGroup;
			children = (
				7497000E226DE1F100841C81 /* BurgerView */,
				7497000D226DE1F100841C81 /* Products */,
				C579A0D5409CE4E71B584AB8 /* Pods */,
				F962AC066CEC37DB3B95F8A6 /* Frameworks */,
			);
			sourceTree = "<group>";
		};
		7497000D226DE1F100841C81 /* Products */ = {
			isa = PBXGroup;
			children = (
				7497000C226DE1F100841C81 /* BurgerView.app */,
			);
			name = Products;
			sourceTree = "<group>";
		};
		7497000E226DE1F100841C81 /* BurgerView */ = {
			isa = PBXGroup;
			children = (
				74970026226DE26200841C81 /* Views */,
				74970025226DE24900841C81 /* Models */,
				74970024226DE23900841C81 /* Controllers */,
				7497000F226DE1F100841C81 /* AppDelegate.swift */,
				74970019226DE1F700841C81 /* Assets.xcassets */,
				745B5C0922705DF400A05E0F /* CosmosDistrib.swift */,
				7497001E226DE1F700841C81 /* Info.plist */,
				74970016226DE1F100841C81 /* BurgerView.xcdatamodeld */,
			);
			path = BurgerView;
			sourceTree = "<group>";
		};
		74970024226DE23900841C81 /* Controllers */ = {
			isa = PBXGroup;
			children = (
				74151007226DEB4700604029 /* CreatePasswordVC.swift */,
				745B5C0B2270A9F400A05E0F /* CameraVC.swift */,
				74151001226DEB2000604029 /* CreateEmailVC.swift */,
				74150FFF226DEB1D00604029 /* CreateNameVC.swift */,
				745B5C03226F3D6300A05E0F /* ReviewsVC.swift */,
				74151000226DEB1F00604029 /* LoginVC.swift */,
				74151002226DEB2300604029 /* OnboardingVC.swift */,
				745B5BFF226F235000A05E0F /* ProfileVC.swift */,
				74151009226DEB4B00604029 /* MapVC.swift */,
				7415100B226DEB5400604029 /* GoogleService-Info.plist */,
				745B5C07227059F900A05E0F /* CreateReviewVC.swift */,
			);
			path = Controllers;
			sourceTree = "<group>";
		};
		74970025226DE24900841C81 /* Models */ = {
			isa = PBXGroup;
			children = (
				745B5C01226F301A00A05E0F /* ReviewCell.swift */,
				745B5C05226F86E800A05E0F /* Review.swift */,
				74BAEEFD2271990200894C9B /* TotalReviewsCell.swift */,
			);
			path = Models;
			sourceTree = "<group>";
		};
		74970026226DE26200841C81 /* Views */ = {
			isa = PBXGroup;
			children = (
				7497001B226DE1F700841C81 /* LaunchScreen.storyboard */,
				74150FFD226DEAF500604029 /* Main.storyboard */,
			);
			path = Views;
			sourceTree = "<group>";
		};
		C579A0D5409CE4E71B584AB8 /* Pods */ = {
			isa = PBXGroup;
			children = (
				EB4A69E8ECF2C875F13A50CF /* Pods-BurgerView.debug.xcconfig */,
				9F803B1E0C62CBBDD1810EE0 /* Pods-BurgerView.release.xcconfig */,
			);
			path = Pods;
			sourceTree = "<group>";
		};
		F962AC066CEC37DB3B95F8A6 /* Frameworks */ = {
			isa = PBXGroup;
			children = (
				0CB623B563E08F5C432E596F /* Pods_BurgerView.framework */,
			);
			name = Frameworks;
			sourceTree = "<group>";
		};
/* End PBXGroup section */

/* Begin PBXNativeTarget section */
		7497000B226DE1F100841C81 /* BurgerView */ = {
			isa = PBXNativeTarget;
			buildConfigurationList = 74970021226DE1F700841C81 /* Build configuration list for PBXNativeTarget "BurgerView" */;
			buildPhases = (
				85A6EFFC3618DE0515FA6879 /* [CP] Check Pods Manifest.lock */,
				74970008226DE1F100841C81 /* Sources */,
				74970009226DE1F100841C81 /* Frameworks */,
				7497000A226DE1F100841C81 /* Resources */,
				DF7BC4A4F6E89BDFCFC8AFF5 /* [CP] Embed Pods Frameworks */,
			);
			buildRules = (
			);
			dependencies = (
			);
			name = BurgerView;
			productName = BurgerView;
			productReference = 7497000C226DE1F100841C81 /* BurgerView.app */;
			productType = "com.apple.product-type.application";
		};
/* End PBXNativeTarget section */

/* Begin PBXProject section */
		74970004226DE1F100841C81 /* Project object */ = {
			isa = PBXProject;
			attributes = {
				LastSwiftUpdateCheck = 1020;
				LastUpgradeCheck = 1020;
				ORGANIZATIONNAME = "Ben Davin";
				TargetAttributes = {
					7497000B226DE1F100841C81 = {
						CreatedOnToolsVersion = 10.2.1;
					};
				};
			};
			buildConfigurationList = 74970007226DE1F100841C81 /* Build configuration list for PBXProject "BurgerView" */;
			compatibilityVersion = "Xcode 9.3";
			developmentRegion = en;
			hasScannedForEncodings = 0;
			knownRegions = (
				en,
				Base,
			);
			mainGroup = 74970003226DE1F100841C81;
			productRefGroup = 7497000D226DE1F100841C81 /* Products */;
			projectDirPath = "";
			projectRoot = "";
			targets = (
				7497000B226DE1F100841C81 /* BurgerView */,
			);
		};
/* End PBXProject section */

/* Begin PBXResourcesBuildPhase section */
		7497000A226DE1F100841C81 /* Resources */ = {
			isa = PBXResourcesBuildPhase;
			buildActionMask = 2147483647;
			files = (
				74150FFE226DEAF500604029 /* Main.storyboard in Resources */,
				7415100C226DEB5400604029 /* GoogleService-Info.plist in Resources */,
				7497001D226DE1F700841C81 /* LaunchScreen.storyboard in Resources */,
				7497001A226DE1F700841C81 /* Assets.xcassets in Resources */,
			);
			runOnlyForDeploymentPostprocessing = 0;
		};
/* End PBXResourcesBuildPhase section */

/* Begin PBXShellScriptBuildPhase section */
		85A6EFFC3618DE0515FA6879 /* [CP] Check Pods Manifest.lock */ = {
			isa = PBXShellScriptBuildPhase;
			buildActionMask = 2147483647;
			files = (
			);
			inputFileListPaths = (
			);
			inputPaths = (
				"${PODS_PODFILE_DIR_PATH}/Podfile.lock",
				"${PODS_ROOT}/Manifest.lock",
			);
			name = "[CP] Check Pods Manifest.lock";
			outputFileListPaths = (
			);
			outputPaths = (
				"$(DERIVED_FILE_DIR)/Pods-BurgerView-checkManifestLockResult.txt",
			);
			runOnlyForDeploymentPostprocessing = 0;
			shellPath = /bin/sh;
			shellScript = "diff \"${PODS_PODFILE_DIR_PATH}/Podfile.lock\" \"${PODS_ROOT}/Manifest.lock\" > /dev/null\nif [ $? != 0 ] ; then\n    # print error to STDERR\n    echo \"error: The sandbox is not in sync with the Podfile.lock. Run 'pod install' or update your CocoaPods installation.\" >&2\n    exit 1\nfi\n# This output is used by Xcode 'outputs' to avoid re-running this script phase.\necho \"SUCCESS\" > \"${SCRIPT_OUTPUT_FILE_0}\"\n";
			showEnvVarsInLog = 0;
		};
		DF7BC4A4F6E89BDFCFC8AFF5 /* [CP] Embed Pods Frameworks */ = {
			isa = PBXShellScriptBuildPhase;
			buildActionMask = 2147483647;
			files = (
			);
			inputFileListPaths = (
			);
			inputPaths = (
				"${PODS_ROOT}/Target Support Files/Pods-BurgerView/Pods-BurgerView-frameworks.sh",
				"${BUILT_PRODUCTS_DIR}/BoringSSL-GRPC/openssl_grpc.framework",
				"${BUILT_PRODUCTS_DIR}/CameraManager/CameraManager.framework",
				"${BUILT_PRODUCTS_DIR}/GTMSessionFetcher/GTMSessionFetcher.framework",
				"${BUILT_PRODUCTS_DIR}/GoogleUtilities/GoogleUtilities.framework",
				"${BUILT_PRODUCTS_DIR}/Protobuf/Protobuf.framework",
				"${BUILT_PRODUCTS_DIR}/StarReview/StarReview.framework",
				"${BUILT_PRODUCTS_DIR}/gRPC-C++/grpcpp.framework",
				"${BUILT_PRODUCTS_DIR}/gRPC-Core/grpc.framework",
				"${BUILT_PRODUCTS_DIR}/leveldb-library/leveldb.framework",
				"${BUILT_PRODUCTS_DIR}/nanopb/nanopb.framework",
			);
			name = "[CP] Embed Pods Frameworks";
			outputFileListPaths = (
			);
			outputPaths = (
				"${TARGET_BUILD_DIR}/${FRAMEWORKS_FOLDER_PATH}/openssl_grpc.framework",
				"${TARGET_BUILD_DIR}/${FRAMEWORKS_FOLDER_PATH}/CameraManager.framework",
				"${TARGET_BUILD_DIR}/${FRAMEWORKS_FOLDER_PATH}/GTMSessionFetcher.framework",
				"${TARGET_BUILD_DIR}/${FRAMEWORKS_FOLDER_PATH}/GoogleUtilities.framework",
				"${TARGET_BUILD_DIR}/${FRAMEWORKS_FOLDER_PATH}/Protobuf.framework",
				"${TARGET_BUILD_DIR}/${FRAMEWORKS_FOLDER_PATH}/StarReview.framework",
				"${TARGET_BUILD_DIR}/${FRAMEWORKS_FOLDER_PATH}/grpcpp.framework",
				"${TARGET_BUILD_DIR}/${FRAMEWORKS_FOLDER_PATH}/grpc.framework",
				"${TARGET_BUILD_DIR}/${FRAMEWORKS_FOLDER_PATH}/leveldb.framework",
				"${TARGET_BUILD_DIR}/${FRAMEWORKS_FOLDER_PATH}/nanopb.framework",
			);
			runOnlyForDeploymentPostprocessing = 0;
			shellPath = /bin/sh;
			shellScript = "\"${PODS_ROOT}/Target Support Files/Pods-BurgerView/Pods-BurgerView-frameworks.sh\"\n";
			showEnvVarsInLog = 0;
		};
/* End PBXShellScriptBuildPhase section */

/* Begin PBXSourcesBuildPhase section */
		74970008226DE1F100841C81 /* Sources */ = {
			isa = PBXSourcesBuildPhase;
			buildActionMask = 2147483647;
			files = (
				745B5C08227059F900A05E0F /* CreateReviewVC.swift in Sources */,
				74BAEEFE2271990200894C9B /* TotalReviewsCell.swift in Sources */,
				74970018226DE1F100841C81 /* BurgerView.xcdatamodeld in Sources */,
				745B5C02226F301A00A05E0F /* ReviewCell.swift in Sources */,
				74151006226DEB2300604029 /* OnboardingVC.swift in Sources */,
				74151003226DEB2300604029 /* CreateNameVC.swift in Sources */,
				745B5C00226F235000A05E0F /* ProfileVC.swift in Sources */,
				745B5C06226F86E800A05E0F /* Review.swift in Sources */,
				745B5C0C2270A9F400A05E0F /* CameraVC.swift in Sources */,
				74151008226DEB4700604029 /* CreatePasswordVC.swift in Sources */,
				745B5C04226F3D6300A05E0F /* ReviewsVC.swift in Sources */,
				74151005226DEB2300604029 /* CreateEmailVC.swift in Sources */,
				7415100A226DEB4B00604029 /* MapVC.swift in Sources */,
				745B5C0A22705DF400A05E0F /* CosmosDistrib.swift in Sources */,
				74151004226DEB2300604029 /* LoginVC.swift in Sources */,
				74970010226DE1F100841C81 /* AppDelegate.swift in Sources */,
			);
			runOnlyForDeploymentPostprocessing = 0;
		};
/* End PBXSourcesBuildPhase section */

/* Begin PBXVariantGroup section */
		7497001B226DE1F700841C81 /* LaunchScreen.storyboard */ = {
			isa = PBXVariantGroup;
			children = (
				7497001C226DE1F700841C81 /* Base */,
			);
			name = LaunchScreen.storyboard;
			sourceTree = "<group>";
		};
/* End PBXVariantGroup section */

/* Begin XCBuildConfiguration section */
		7497001F226DE1F700841C81 /* Debug */ = {
			isa = XCBuildConfiguration;
			buildSettings = {
				ALWAYS_SEARCH_USER_PATHS = NO;
				CLANG_ANALYZER_NONNULL = YES;
				CLANG_ANALYZER_NUMBER_OBJECT_CONVERSION = YES_AGGRESSIVE;
				CLANG_CXX_LANGUAGE_STANDARD = "gnu++14";
				CLANG_CXX_LIBRARY = "libc++";
				CLANG_ENABLE_MODULES = YES;
				CLANG_ENABLE_OBJC_ARC = YES;
				CLANG_ENABLE_OBJC_WEAK = YES;
				CLANG_WARN_BLOCK_CAPTURE_AUTORELEASING = YES;
				CLANG_WARN_BOOL_CONVERSION = YES;
				CLANG_WARN_COMMA = YES;
				CLANG_WARN_CONSTANT_CONVERSION = YES;
				CLANG_WARN_DEPRECATED_OBJC_IMPLEMENTATIONS = YES;
				CLANG_WARN_DIRECT_OBJC_ISA_USAGE = YES_ERROR;
				CLANG_WARN_DOCUMENTATION_COMMENTS = YES;
				CLANG_WARN_EMPTY_BODY = YES;
				CLANG_WARN_ENUM_CONVERSION = YES;
				CLANG_WARN_INFINITE_RECURSION = YES;
				CLANG_WARN_INT_CONVERSION = YES;
				CLANG_WARN_NON_LITERAL_NULL_CONVERSION = YES;
				CLANG_WARN_OBJC_IMPLICIT_RETAIN_SELF = YES;
				CLANG_WARN_OBJC_LITERAL_CONVERSION = YES;
				CLANG_WARN_OBJC_ROOT_CLASS = YES_ERROR;
				CLANG_WARN_RANGE_LOOP_ANALYSIS = YES;
				CLANG_WARN_STRICT_PROTOTYPES = YES;
				CLANG_WARN_SUSPICIOUS_MOVE = YES;
				CLANG_WARN_UNGUARDED_AVAILABILITY = YES_AGGRESSIVE;
				CLANG_WARN_UNREACHABLE_CODE = YES;
				CLANG_WARN__DUPLICATE_METHOD_MATCH = YES;
				CODE_SIGN_IDENTITY = "iPhone Developer";
				COPY_PHASE_STRIP = NO;
				DEBUG_INFORMATION_FORMAT = dwarf;
				ENABLE_STRICT_OBJC_MSGSEND = YES;
				ENABLE_TESTABILITY = YES;
				GCC_C_LANGUAGE_STANDARD = gnu11;
				GCC_DYNAMIC_NO_PIC = NO;
				GCC_NO_COMMON_BLOCKS = YES;
				GCC_OPTIMIZATION_LEVEL = 0;
				GCC_PREPROCESSOR_DEFINITIONS = (
					"DEBUG=1",
					"$(inherited)",
				);
				GCC_WARN_64_TO_32_BIT_CONVERSION = YES;
				GCC_WARN_ABOUT_RETURN_TYPE = YES_ERROR;
				GCC_WARN_UNDECLARED_SELECTOR = YES;
				GCC_WARN_UNINITIALIZED_AUTOS = YES_AGGRESSIVE;
				GCC_WARN_UNUSED_FUNCTION = YES;
				GCC_WARN_UNUSED_VARIABLE = YES;
				IPHONEOS_DEPLOYMENT_TARGET = 12.2;
				MTL_ENABLE_DEBUG_INFO = INCLUDE_SOURCE;
				MTL_FAST_MATH = YES;
				ONLY_ACTIVE_ARCH = YES;
				SDKROOT = iphoneos;
				SWIFT_ACTIVE_COMPILATION_CONDITIONS = DEBUG;
				SWIFT_OPTIMIZATION_LEVEL = "-Onone";
			};
			name = Debug;
		};
		74970020226DE1F700841C81 /* Release */ = {
			isa = XCBuildConfiguration;
			buildSettings = {
				ALWAYS_SEARCH_USER_PATHS = NO;
				CLANG_ANALYZER_NONNULL = YES;
				CLANG_ANALYZER_NUMBER_OBJECT_CONVERSION = YES_AGGRESSIVE;
				CLANG_CXX_LANGUAGE_STANDARD = "gnu++14";
				CLANG_CXX_LIBRARY = "libc++";
				CLANG_ENABLE_MODULES = YES;
				CLANG_ENABLE_OBJC_ARC = YES;
				CLANG_ENABLE_OBJC_WEAK = YES;
				CLANG_WARN_BLOCK_CAPTURE_AUTORELEASING = YES;
				CLANG_WARN_BOOL_CONVERSION = YES;
				CLANG_WARN_COMMA = YES;
				CLANG_WARN_CONSTANT_CONVERSION = YES;
				CLANG_WARN_DEPRECATED_OBJC_IMPLEMENTATIONS = YES;
				CLANG_WARN_DIRECT_OBJC_ISA_USAGE = YES_ERROR;
				CLANG_WARN_DOCUMENTATION_COMMENTS = YES;
				CLANG_WARN_EMPTY_BODY = YES;
				CLANG_WARN_ENUM_CONVERSION = YES;
				CLANG_WARN_INFINITE_RECURSION = YES;
				CLANG_WARN_INT_CONVERSION = YES;
				CLANG_WARN_NON_LITERAL_NULL_CONVERSION = YES;
				CLANG_WARN_OBJC_IMPLICIT_RETAIN_SELF = YES;
				CLANG_WARN_OBJC_LITERAL_CONVERSION = YES;
				CLANG_WARN_OBJC_ROOT_CLASS = YES_ERROR;
				CLANG_WARN_RANGE_LOOP_ANALYSIS = YES;
				CLANG_WARN_STRICT_PROTOTYPES = YES;
				CLANG_WARN_SUSPICIOUS_MOVE = YES;
				CLANG_WARN_UNGUARDED_AVAILABILITY = YES_AGGRESSIVE;
				CLANG_WARN_UNREACHABLE_CODE = YES;
				CLANG_WARN__DUPLICATE_METHOD_MATCH = YES;
				CODE_SIGN_IDENTITY = "iPhone Developer";
				COPY_PHASE_STRIP = NO;
				DEBUG_INFORMATION_FORMAT = "dwarf-with-dsym";
				ENABLE_NS_ASSERTIONS = NO;
				ENABLE_STRICT_OBJC_MSGSEND = YES;
				GCC_C_LANGUAGE_STANDARD = gnu11;
				GCC_NO_COMMON_BLOCKS = YES;
				GCC_WARN_64_TO_32_BIT_CONVERSION = YES;
				GCC_WARN_ABOUT_RETURN_TYPE = YES_ERROR;
				GCC_WARN_UNDECLARED_SELECTOR = YES;
				GCC_WARN_UNINITIALIZED_AUTOS = YES_AGGRESSIVE;
				GCC_WARN_UNUSED_FUNCTION = YES;
				GCC_WARN_UNUSED_VARIABLE = YES;
				IPHONEOS_DEPLOYMENT_TARGET = 12.2;
				MTL_ENABLE_DEBUG_INFO = NO;
				MTL_FAST_MATH = YES;
				SDKROOT = iphoneos;
				SWIFT_COMPILATION_MODE = wholemodule;
				SWIFT_OPTIMIZATION_LEVEL = "-O";
				VALIDATE_PRODUCT = YES;
			};
			name = Release;
		};
		74970022226DE1F700841C81 /* Debug */ = {
			isa = XCBuildConfiguration;
			baseConfigurationReference = EB4A69E8ECF2C875F13A50CF /* Pods-BurgerView.debug.xcconfig */;
			buildSettings = {
				ASSETCATALOG_COMPILER_APPICON_NAME = AppIcon;
				CODE_SIGN_STYLE = Automatic;
				DEVELOPMENT_TEAM = GK83A62ZQG;
				INFOPLIST_FILE = BurgerView/Info.plist;
				LD_RUNPATH_SEARCH_PATHS = (
					"$(inherited)",
					"@executable_path/Frameworks",
				);
				PRODUCT_BUNDLE_IDENTIFIER = se.davin.ben.BurgerView;
				PRODUCT_NAME = "$(TARGET_NAME)";
				SWIFT_VERSION = 5.0;
				TARGETED_DEVICE_FAMILY = "1,2";
			};
			name = Debug;
		};
		74970023226DE1F700841C81 /* Release */ = {
			isa = XCBuildConfiguration;
			baseConfigurationReference = 9F803B1E0C62CBBDD1810EE0 /* Pods-BurgerView.release.xcconfig */;
			buildSettings = {
				ASSETCATALOG_COMPILER_APPICON_NAME = AppIcon;
				CODE_SIGN_STYLE = Automatic;
				DEVELOPMENT_TEAM = GK83A62ZQG;
				INFOPLIST_FILE = BurgerView/Info.plist;
				LD_RUNPATH_SEARCH_PATHS = (
					"$(inherited)",
					"@executable_path/Frameworks",
				);
				PRODUCT_BUNDLE_IDENTIFIER = se.davin.ben.BurgerView;
				PRODUCT_NAME = "$(TARGET_NAME)";
				SWIFT_VERSION = 5.0;
				TARGETED_DEVICE_FAMILY = "1,2";
			};
			name = Release;
		};
/* End XCBuildConfiguration section */

/* Begin XCConfigurationList section */
		74970007226DE1F100841C81 /* Build configuration list for PBXProject "BurgerView" */ = {
			isa = XCConfigurationList;
			buildConfigurations = (
				7497001F226DE1F700841C81 /* Debug */,
				74970020226DE1F700841C81 /* Release */,
			);
			defaultConfigurationIsVisible = 0;
			defaultConfigurationName = Release;
		};
		74970021226DE1F700841C81 /* Build configuration list for PBXNativeTarget "BurgerView" */ = {
			isa = XCConfigurationList;
			buildConfigurations = (
				74970022226DE1F700841C81 /* Debug */,
				74970023226DE1F700841C81 /* Release */,
			);
			defaultConfigurationIsVisible = 0;
			defaultConfigurationName = Release;
		};
/* End XCConfigurationList section */

/* Begin XCVersionGroup section */
		74970016226DE1F100841C81 /* BurgerView.xcdatamodeld */ = {
			isa = XCVersionGroup;
			children = (
				74970017226DE1F100841C81 /* BurgerView.xcdatamodel */,
			);
			currentVersion = 74970017226DE1F100841C81 /* BurgerView.xcdatamodel */;
			path = BurgerView.xcdatamodeld;
			sourceTree = "<group>";
			versionGroupType = wrapper.xcdatamodel;
		};
/* End XCVersionGroup section */
	};
	rootObject = 74970004226DE1F100841C81 /* Project object */;
}
